// !$*UTF8*$!
{
	archiveVersion = 1;
	classes = {
	};
	objectVersion = 77;
	objects = {

/* Begin PBXBuildFile section */
		0D29300440DA4BB690D44F33 /* Theme.swift in Sources */ = {isa = PBXBuildFile; fileRef = E06BEA5615A34AD4802C2CEA /* Theme.swift */; };
		0FAF501E57E8ACCCBBF42EFF /* ProgressView_.swift in Sources */ = {isa = PBXBuildFile; fileRef = CF61B26752D1BC85526FEA3F /* ProgressView_.swift */; };
		14EFDAB2E8AC385478BE9464 /* WeighInEntryView.swift in Sources */ = {isa = PBXBuildFile; fileRef = 233B11B87E1281F55B3A2BB7 /* WeighInEntryView.swift */; };
		1795430E9A3CBAA3C35AF1B7 /* ProgressionEngine.swift in Sources */ = {isa = PBXBuildFile; fileRef = ABF0770B2D6544C92E53920A /* ProgressionEngine.swift */; };
		1C6EFF36C6BCFA4F9CB148F2 /* WeeklyScheduleGridView.swift in Sources */ = {isa = PBXBuildFile; fileRef = 467144DCFC8C9F3D1C8884BD /* WeeklyScheduleGridView.swift */; };
		1E9F2B886DF78B42489B1E25 /* ProgressionEngineTests.swift in Sources */ = {isa = PBXBuildFile; fileRef = A1673D99480469EF0BEE096D /* ProgressionEngineTests.swift */; };
		204EAD8278DC978DFFE0D94A /* ProgressPhoto.swift in Sources */ = {isa = PBXBuildFile; fileRef = B0B7620D17FAD69A52845619 /* ProgressPhoto.swift */; };
		231CF428115D1842272AB952 /* WhoopService.swift in Sources */ = {isa = PBXBuildFile; fileRef = DE35A7D1DF0E83E0F2106AEE /* WhoopService.swift */; };
		2866A0315C8F389A005277A2 /* FitTrackApp.swift in Sources */ = {isa = PBXBuildFile; fileRef = 4DC92EA64FA76C7A468BA3F9 /* FitTrackApp.swift */; };
		803D999C306E4EF8831630F0 /* Config.swift in Sources */ = {isa = PBXBuildFile; fileRef = 16C04BA5660B42E6A8FF569D /* Config.swift */; };
		2AF2B0E93BA2F086665CA6AE /* WhoopServiceTests.swift in Sources */ = {isa = PBXBuildFile; fileRef = C438DDEA504F9DC7304CBC56 /* WhoopServiceTests.swift */; };
		2FB461492FC863E600412602 /* Assets.xcassets in Resources */ = {isa = PBXBuildFile; fileRef = 2FB461482FC863E600412602 /* Assets.xcassets */; };
		2FEBD1F4F0EE4828BB938D38 /* NeonBadge.swift in Sources */ = {isa = PBXBuildFile; fileRef = B474A018993C47AE9E11BF84 /* NeonBadge.swift */; };
		37842A5AE8CEC9141FC46022 /* RecoveryBadgeView.swift in Sources */ = {isa = PBXBuildFile; fileRef = 90ADF2B36AB0A12D88F66911 /* RecoveryBadgeView.swift */; };
		395B02C1167BD0F1603EF22C /* MusclesView.swift in Sources */ = {isa = PBXBuildFile; fileRef = 1395A309E7B41CFAC273C3FC /* MusclesView.swift */; };
		40E3594A965B5C4F07CD846E /* ActiveSessionView.swift in Sources */ = {isa = PBXBuildFile; fileRef = FF9BAB5B2B17ABE79891F807 /* ActiveSessionView.swift */; };
		44375FE3BA5EA314A16669C5 /* Enums.swift in Sources */ = {isa = PBXBuildFile; fileRef = 4C193CFBF0E935E1AE57B268 /* Enums.swift */; };
		4D39F9033A665C7E3618F1C3 /* FatigueEngine.swift in Sources */ = {isa = PBXBuildFile; fileRef = DCF89F112206AC4AAC6EB7C1 /* FatigueEngine.swift */; };
		4EC66784817F411CB79C5679 /* CyberDivider.swift in Sources */ = {isa = PBXBuildFile; fileRef = B34F32B4EBB249FCBABCAFDC /* CyberDivider.swift */; };
		4F0415B9A8B947C88A13F89E /* JetBrainsMono-Bold.ttf in Resources */ = {isa = PBXBuildFile; fileRef = 830AEE88B2E2466981E97F22 /* JetBrainsMono-Bold.ttf */; };
		510DB56356DAE89BE9329D6B /* SettingsView.swift in Sources */ = {isa = PBXBuildFile; fileRef = D2505A459CC5C6AF2FC20561 /* SettingsView.swift */; };
		57E1051AF5DF6DCDA1DEEBC9 /* ProgressPhotoGridView.swift in Sources */ = {isa = PBXBuildFile; fileRef = 16234E86F8712D94B30EEC70 /* ProgressPhotoGridView.swift */; };
		5FCCA4A3D36B4D1EB31FD8AF /* StatTile.swift in Sources */ = {isa = PBXBuildFile; fileRef = 173AFF069084436C82767F96 /* StatTile.swift */; };
		679FCBBBA94C43809AB95E10 /* Orbitron-Bold.ttf in Resources */ = {isa = PBXBuildFile; fileRef = 080900E864AC44259920A0E8 /* Orbitron-Bold.ttf */; };
		74097297EC2E955C597E1F84 /* WeighIn.swift in Sources */ = {isa = PBXBuildFile; fileRef = 1F3D61DA3805880562E8B155 /* WeighIn.swift */; };
		79AE219512BA4E97A55AC7DF /* SectionHeader.swift in Sources */ = {isa = PBXBuildFile; fileRef = 627BFE8DB9DC451892DC68F5 /* SectionHeader.swift */; };
		88472F9EF350462B7CC89221 /* WorkoutTemplate.swift in Sources */ = {isa = PBXBuildFile; fileRef = F37F171E80511BEA1762BB39 /* WorkoutTemplate.swift */; };
		8B8483C1F96047D9BF0FD6E5 /* GlowRing.swift in Sources */ = {isa = PBXBuildFile; fileRef = 0B1D6D8405E04347895175B0 /* GlowRing.swift */; };
		8C9D0E1F2A3B4C5D6E7F8A9B /* ExerciseDirectory.swift in Sources */ = {isa = PBXBuildFile; fileRef = 3A7B8C9D0E1F2A3B4C5D6E7F /* ExerciseDirectory.swift */; };
		915DE3842F34703EC29F6251 /* SetLogRowView.swift in Sources */ = {isa = PBXBuildFile; fileRef = 88EE90CB3F4EDABE08B1992C /* SetLogRowView.swift */; };
		96027C7987994919A5388A36 /* CyberButton.swift in Sources */ = {isa = PBXBuildFile; fileRef = B49866E2363548DDA927FADA /* CyberButton.swift */; };
		9BA36824270D14143603C938 /* ProgramBuilderView.swift in Sources */ = {isa = PBXBuildFile; fileRef = 072C50A0B2218EF5A58798B5 /* ProgramBuilderView.swift */; };
		9CA6D69A09D4FCAAE9A17B99 /* Goal.swift in Sources */ = {isa = PBXBuildFile; fileRef = 22F553DD5640C20BEC154327 /* Goal.swift */; };
		A6C7BA2D21AC80AF3916D5CC /* TrainingSession.swift in Sources */ = {isa = PBXBuildFile; fileRef = 2BF0B9A76FF339D334212280 /* TrainingSession.swift */; };
		AA038A735CD73C833DC8A48C /* FatigueEngineTests.swift in Sources */ = {isa = PBXBuildFile; fileRef = 41EA42BCFFE5350AA4C0DDE6 /* FatigueEngineTests.swift */; };
		B8B238219BC3A301C43C8BC8 /* Program.swift in Sources */ = {isa = PBXBuildFile; fileRef = 532E552656DA8E88D64B421E /* Program.swift */; };
		B9645FD193327889B14748A5 /* ProgramCompleteView.swift in Sources */ = {isa = PBXBuildFile; fileRef = F529538776FBD640685F6A03 /* ProgramCompleteView.swift */; };
		BB7109350940F7E1F34019F3 /* GoalEditorView.swift in Sources */ = {isa = PBXBuildFile; fileRef = 29643DBC65D15D390BFB2080 /* GoalEditorView.swift */; };
		C7892E638E4FAF34CD75176F /* WhoopCycleCache.swift in Sources */ = {isa = PBXBuildFile; fileRef = 0864779BACC378FF4A91EC56 /* WhoopCycleCache.swift */; };
		D1E7D0EDEC4C4E57B6290314 /* Rajdhani-SemiBold.ttf in Resources */ = {isa = PBXBuildFile; fileRef = 4BD3B2BF26F44A0E9A19F67A /* Rajdhani-SemiBold.ttf */; };
		DA55DA4F4C51BCB9DD9794E8 /* TodayView.swift in Sources */ = {isa = PBXBuildFile; fileRef = DC2F9030C5A7CBA26A5E186C /* TodayView.swift */; };
		E2A9005073CCC0A45AF2A412 /* ContentView.swift in Sources */ = {isa = PBXBuildFile; fileRef = 5F80E5C7596B0A9EC35F385E /* ContentView.swift */; };
		E8137A42911035F3E90E44F2 /* FitTrackTests.swift in Sources */ = {isa = PBXBuildFile; fileRef = 4DABCE4EC3777CA1B9296D49 /* FitTrackTests.swift */; };
		EFE3AFD967D448539CC5D973 /* NeonCard.swift in Sources */ = {isa = PBXBuildFile; fileRef = 01CD997AABCE4E319689E83D /* NeonCard.swift */; };
		F2C51EF3FA9F4E7AA1F0D274 /* JetBrainsMono-Regular.ttf in Resources */ = {isa = PBXBuildFile; fileRef = 978F3AD2AA314FF083241E02 /* JetBrainsMono-Regular.ttf */; };
		F4C0AFE8F7A8DD2AE18A299F /* HistoryView.swift in Sources */ = {isa = PBXBuildFile; fileRef = 0ACFCF9B1E8DCBB5EB1B0F23 /* HistoryView.swift */; };
		F961F4AEE052612C2B99814C /* WorkoutTemplateEditorView.swift in Sources */ = {isa = PBXBuildFile; fileRef = 7F9A28D94798C939B53F6DFC /* WorkoutTemplateEditorView.swift */; };
		FBE546EF14CC6070427BCB3E /* SetLog.swift in Sources */ = {isa = PBXBuildFile; fileRef = 772774B1F9F53A64524EFF30 /* SetLog.swift */; };
		FCDB049B9A18F61D4B43C7AC /* ProgramView.swift in Sources */ = {isa = PBXBuildFile; fileRef = 96CD5D54C31FEE1647D88E05 /* ProgramView.swift */; };
/* End PBXBuildFile section */

/* Begin PBXContainerItemProxy section */
		A1F1E31CF73E89BE40BD2362 /* PBXContainerItemProxy */ = {
			isa = PBXContainerItemProxy;
			containerPortal = 15D5670798217E89438AFDD1 /* Project object */;
			proxyType = 1;
			remoteGlobalIDString = D255A6C7D5D446F750DA7FED;
			remoteInfo = FitTrack;
		};
/* End PBXContainerItemProxy section */

/* Begin PBXFileReference section */
		01CD997AABCE4E319689E83D /* NeonCard.swift */ = {isa = PBXFileReference; lastKnownFileType = sourcecode.swift; path = NeonCard.swift; sourceTree = "<group>"; };
		053108AC8BBB9B65EBA44741 /* FitTrack.app */ = {isa = PBXFileReference; explicitFileType = wrapper.application; includeInIndex = 0; path = FitTrack.app; sourceTree = BUILT_PRODUCTS_DIR; };
		072C50A0B2218EF5A58798B5 /* ProgramBuilderView.swift */ = {isa = PBXFileReference; lastKnownFileType = sourcecode.swift; path = ProgramBuilderView.swift; sourceTree = "<group>"; };
		080900E864AC44259920A0E8 /* Orbitron-Bold.ttf */ = {isa = PBXFileReference; lastKnownFileType = text; path = "Orbitron-Bold.ttf"; sourceTree = "<group>"; };
		0864779BACC378FF4A91EC56 /* WhoopCycleCache.swift */ = {isa = PBXFileReference; lastKnownFileType = sourcecode.swift; path = WhoopCycleCache.swift; sourceTree = "<group>"; };
		0ACFCF9B1E8DCBB5EB1B0F23 /* HistoryView.swift */ = {isa = PBXFileReference; lastKnownFileType = sourcecode.swift; path = HistoryView.swift; sourceTree = "<group>"; };
		0B1D6D8405E04347895175B0 /* GlowRing.swift */ = {isa = PBXFileReference; lastKnownFileType = sourcecode.swift; path = GlowRing.swift; sourceTree = "<group>"; };
		125578C49FC616DBEE8F83AF /* Info.plist */ = {isa = PBXFileReference; lastKnownFileType = text.plist; path = Info.plist; sourceTree = "<group>"; };
		1395A309E7B41CFAC273C3FC /* MusclesView.swift */ = {isa = PBXFileReference; lastKnownFileType = sourcecode.swift; path = MusclesView.swift; sourceTree = "<group>"; };
		16234E86F8712D94B30EEC70 /* ProgressPhotoGridView.swift */ = {isa = PBXFileReference; lastKnownFileType = sourcecode.swift; path = ProgressPhotoGridView.swift; sourceTree = "<group>"; };
		173AFF069084436C82767F96 /* StatTile.swift */ = {isa = PBXFileReference; lastKnownFileType = sourcecode.swift; path = StatTile.swift; sourceTree = "<group>"; };
		1F3D61DA3805880562E8B155 /* WeighIn.swift */ = {isa = PBXFileReference; lastKnownFileType = sourcecode.swift; path = WeighIn.swift; sourceTree = "<group>"; };
		22F553DD5640C20BEC154327 /* Goal.swift */ = {isa = PBXFileReference; lastKnownFileType = sourcecode.swift; path = Goal.swift; sourceTree = "<group>"; };
		233B11B87E1281F55B3A2BB7 /* WeighInEntryView.swift */ = {isa = PBXFileReference; lastKnownFileType = sourcecode.swift; path = WeighInEntryView.swift; sourceTree = "<group>"; };
		29643DBC65D15D390BFB2080 /* GoalEditorView.swift */ = {isa = PBXFileReference; lastKnownFileType = sourcecode.swift; path = GoalEditorView.swift; sourceTree = "<group>"; };
		2BF0B9A76FF339D334212280 /* TrainingSession.swift */ = {isa = PBXFileReference; lastKnownFileType = sourcecode.swift; path = TrainingSession.swift; sourceTree = "<group>"; };
		2FB461482FC863E600412602 /* Assets.xcassets */ = {isa = PBXFileReference; lastKnownFileType = folder.assetcatalog; path = Assets.xcassets; sourceTree = "<group>"; };
		3A7B8C9D0E1F2A3B4C5D6E7F /* ExerciseDirectory.swift */ = {isa = PBXFileReference; lastKnownFileType = sourcecode.swift; path = ExerciseDirectory.swift; sourceTree = "<group>"; };
		41EA42BCFFE5350AA4C0DDE6 /* FatigueEngineTests.swift */ = {isa = PBXFileReference; lastKnownFileType = sourcecode.swift; path = FatigueEngineTests.swift; sourceTree = "<group>"; };
		432FFE0145EBA7A0B7E69BF7 /* FitTrackTests.xctest */ = {isa = PBXFileReference; includeInIndex = 0; lastKnownFileType = wrapper.cfbundle; path = FitTrackTests.xctest; sourceTree = BUILT_PRODUCTS_DIR; };
		467144DCFC8C9F3D1C8884BD /* WeeklyScheduleGridView.swift */ = {isa = PBXFileReference; lastKnownFileType = sourcecode.swift; path = WeeklyScheduleGridView.swift; sourceTree = "<group>"; };
		4BD3B2BF26F44A0E9A19F67A /* Rajdhani-SemiBold.ttf */ = {isa = PBXFileReference; lastKnownFileType = file; path = "Rajdhani-SemiBold.ttf"; sourceTree = "<group>"; };
		4C193CFBF0E935E1AE57B268 /* Enums.swift */ = {isa = PBXFileReference; lastKnownFileType = sourcecode.swift; path = Enums.swift; sourceTree = "<group>"; };
		4DABCE4EC3777CA1B9296D49 /* FitTrackTests.swift */ = {isa = PBXFileReference; lastKnownFileType = sourcecode.swift; path = FitTrackTests.swift; sourceTree = "<group>"; };
		4DC92EA64FA76C7A468BA3F9 /* FitTrackApp.swift */ = {isa = PBXFileReference; lastKnownFileType = sourcecode.swift; path = FitTrackApp.swift; sourceTree = "<group>"; };
		16C04BA5660B42E6A8FF569D /* Config.swift */ = {isa = PBXFileReference; lastKnownFileType = sourcecode.swift; path = Config.swift; sourceTree = "<group>"; };
		51491A6531EEC94443A3A8C0 /* .gitkeep */ = {isa = PBXFileReference; lastKnownFileType = text; path = .gitkeep; sourceTree = "<group>"; };
		532E552656DA8E88D64B421E /* Program.swift */ = {isa = PBXFileReference; lastKnownFileType = sourcecode.swift; path = Program.swift; sourceTree = "<group>"; };
		5F80E5C7596B0A9EC35F385E /* ContentView.swift */ = {isa = PBXFileReference; lastKnownFileType = sourcecode.swift; path = ContentView.swift; sourceTree = "<group>"; };
		627BFE8DB9DC451892DC68F5 /* SectionHeader.swift */ = {isa = PBXFileReference; lastKnownFileType = sourcecode.swift; path = SectionHeader.swift; sourceTree = "<group>"; };
		772774B1F9F53A64524EFF30 /* SetLog.swift */ = {isa = PBXFileReference; lastKnownFileType = sourcecode.swift; path = SetLog.swift; sourceTree = "<group>"; };
		78BBEAF9028421FC18250367 /* .gitkeep */ = {isa = PBXFileReference; lastKnownFileType = text; path = .gitkeep; sourceTree = "<group>"; };
		7F9A28D94798C939B53F6DFC /* WorkoutTemplateEditorView.swift */ = {isa = PBXFileReference; lastKnownFileType = sourcecode.swift; path = WorkoutTemplateEditorView.swift; sourceTree = "<group>"; };
		830AEE88B2E2466981E97F22 /* JetBrainsMono-Bold.ttf */ = {isa = PBXFileReference; lastKnownFileType = file; path = "JetBrainsMono-Bold.ttf"; sourceTree = "<group>"; };
		88EE90CB3F4EDABE08B1992C /* SetLogRowView.swift */ = {isa = PBXFileReference; lastKnownFileType = sourcecode.swift; path = SetLogRowView.swift; sourceTree = "<group>"; };
		90ADF2B36AB0A12D88F66911 /* RecoveryBadgeView.swift */ = {isa = PBXFileReference; lastKnownFileType = sourcecode.swift; path = RecoveryBadgeView.swift; sourceTree = "<group>"; };
		96CD5D54C31FEE1647D88E05 /* ProgramView.swift */ = {isa = PBXFileReference; lastKnownFileType = sourcecode.swift; path = ProgramView.swift; sourceTree = "<group>"; };
		978F3AD2AA314FF083241E02 /* JetBrainsMono-Regular.ttf */ = {isa = PBXFileReference; lastKnownFileType = file; path = "JetBrainsMono-Regular.ttf"; sourceTree = "<group>"; };
		A1673D99480469EF0BEE096D /* ProgressionEngineTests.swift */ = {isa = PBXFileReference; lastKnownFileType = sourcecode.swift; path = ProgressionEngineTests.swift; sourceTree = "<group>"; };
		ABF0770B2D6544C92E53920A /* ProgressionEngine.swift */ = {isa = PBXFileReference; lastKnownFileType = sourcecode.swift; path = ProgressionEngine.swift; sourceTree = "<group>"; };
		B0B7620D17FAD69A52845619 /* ProgressPhoto.swift */ = {isa = PBXFileReference; lastKnownFileType = sourcecode.swift; path = ProgressPhoto.swift; sourceTree = "<group>"; };
		B34F32B4EBB249FCBABCAFDC /* CyberDivider.swift */ = {isa = PBXFileReference; lastKnownFileType = sourcecode.swift; path = CyberDivider.swift; sourceTree = "<group>"; };
		B474A018993C47AE9E11BF84 /* NeonBadge.swift */ = {isa = PBXFileReference; lastKnownFileType = sourcecode.swift; path = NeonBadge.swift; sourceTree = "<group>"; };
		B49866E2363548DDA927FADA /* CyberButton.swift */ = {isa = PBXFileReference; lastKnownFileType = sourcecode.swift; path = CyberButton.swift; sourceTree = "<group>"; };
		C438DDEA504F9DC7304CBC56 /* WhoopServiceTests.swift */ = {isa = PBXFileReference; lastKnownFileType = sourcecode.swift; path = WhoopServiceTests.swift; sourceTree = "<group>"; };
		CF61B26752D1BC85526FEA3F /* ProgressView_.swift */ = {isa = PBXFileReference; lastKnownFileType = sourcecode.swift; path = ProgressView_.swift; sourceTree = "<group>"; };
		D2505A459CC5C6AF2FC20561 /* SettingsView.swift */ = {isa = PBXFileReference; lastKnownFileType = sourcecode.swift; path = SettingsView.swift; sourceTree = "<group>"; };
		DC2F9030C5A7CBA26A5E186C /* TodayView.swift */ = {isa = PBXFileReference; lastKnownFileType = sourcecode.swift; path = TodayView.swift; sourceTree = "<group>"; };
		DCF89F112206AC4AAC6EB7C1 /* FatigueEngine.swift */ = {isa = PBXFileReference; lastKnownFileType = sourcecode.swift; path = FatigueEngine.swift; sourceTree = "<group>"; };
		DE35A7D1DF0E83E0F2106AEE /* WhoopService.swift */ = {isa = PBXFileReference; lastKnownFileType = sourcecode.swift; path = WhoopService.swift; sourceTree = "<group>"; };
		E06BEA5615A34AD4802C2CEA /* Theme.swift */ = {isa = PBXFileReference; lastKnownFileType = sourcecode.swift; path = Theme.swift; sourceTree = "<group>"; };
		F37F171E80511BEA1762BB39 /* WorkoutTemplate.swift */ = {isa = PBXFileReference; lastKnownFileType = sourcecode.swift; path = WorkoutTemplate.swift; sourceTree = "<group>"; };
		F529538776FBD640685F6A03 /* ProgramCompleteView.swift */ = {isa = PBXFileReference; lastKnownFileType = sourcecode.swift; path = ProgramCompleteView.swift; sourceTree = "<group>"; };
		FF9BAB5B2B17ABE79891F807 /* ActiveSessionView.swift */ = {isa = PBXFileReference; lastKnownFileType = sourcecode.swift; path = ActiveSessionView.swift; sourceTree = "<group>"; };
/* End PBXFileReference section */

/* Begin PBXGroup section */
		035EFFCE01A44DD60BFA5ED1 /* Today */ = {
			isa = PBXGroup;
			children = (
				90ADF2B36AB0A12D88F66911 /* RecoveryBadgeView.swift */,
				DC2F9030C5A7CBA26A5E186C /* TodayView.swift */,
			);
			path = Today;
			sourceTree = "<group>";
		};
		21F8576557DB4B19B600A04C /* Fonts */ = {
			isa = PBXGroup;
			children = (
				080900E864AC44259920A0E8 /* Orbitron-Bold.ttf */,
				4BD3B2BF26F44A0E9A19F67A /* Rajdhani-SemiBold.ttf */,
				978F3AD2AA314FF083241E02 /* JetBrainsMono-Regular.ttf */,
				830AEE88B2E2466981E97F22 /* JetBrainsMono-Bold.ttf */,
			);
			path = Fonts;
			sourceTree = "<group>";
		};
		301EE577968C3139AEBF90AF = {
			isa = PBXGroup;
			children = (
				9FB3C778B1465DF47506BDE5 /* FitTrack */,
				4FC078C617CF21EF7D1371C9 /* FitTrackTests */,
				AEA38702B705DAEA72C53EAD /* Products */,
			);
			sourceTree = "<group>";
		};
		387104CC675EEA5789191431 /* Engines */ = {
			isa = PBXGroup;
			children = (
				51491A6531EEC94443A3A8C0 /* .gitkeep */,
				DCF89F112206AC4AAC6EB7C1 /* FatigueEngine.swift */,
				ABF0770B2D6544C92E53920A /* ProgressionEngine.swift */,
			);
			path = Engines;
			sourceTree = "<group>";
		};
		4FC078C617CF21EF7D1371C9 /* FitTrackTests */ = {
			isa = PBXGroup;
			children = (
				41EA42BCFFE5350AA4C0DDE6 /* FatigueEngineTests.swift */,
				4DABCE4EC3777CA1B9296D49 /* FitTrackTests.swift */,
				A1673D99480469EF0BEE096D /* ProgressionEngineTests.swift */,
				C438DDEA504F9DC7304CBC56 /* WhoopServiceTests.swift */,
			);
			path = FitTrackTests;
			sourceTree = "<group>";
		};
		57E55F29CF254599BBFAF6B3 /* Components */ = {
			isa = PBXGroup;
			children = (
				01CD997AABCE4E319689E83D /* NeonCard.swift */,
				B49866E2363548DDA927FADA /* CyberButton.swift */,
				0B1D6D8405E04347895175B0 /* GlowRing.swift */,
				173AFF069084436C82767F96 /* StatTile.swift */,
				627BFE8DB9DC451892DC68F5 /* SectionHeader.swift */,
				B474A018993C47AE9E11BF84 /* NeonBadge.swift */,
				B34F32B4EBB249FCBABCAFDC /* CyberDivider.swift */,
			);
			path = Components;
			sourceTree = "<group>";
		};
		6A0ADF2C84212D8D582E5395 /* Progress */ = {
			isa = PBXGroup;
			children = (
				29643DBC65D15D390BFB2080 /* GoalEditorView.swift */,
				16234E86F8712D94B30EEC70 /* ProgressPhotoGridView.swift */,
				CF61B26752D1BC85526FEA3F /* ProgressView_.swift */,
				233B11B87E1281F55B3A2BB7 /* WeighInEntryView.swift */,
			);
			path = Progress;
			sourceTree = "<group>";
		};
		6B839ADF3079AA8ACDA0294D /* History */ = {
			isa = PBXGroup;
			children = (
				0ACFCF9B1E8DCBB5EB1B0F23 /* HistoryView.swift */,
			);
			path = History;
			sourceTree = "<group>";
		};
		8F4AD35E69D641C3A2198D16 /* Theme */ = {
			isa = PBXGroup;
			children = (
				E06BEA5615A34AD4802C2CEA /* Theme.swift */,
				57E55F29CF254599BBFAF6B3 /* Components */,
			);
			path = Theme;
			sourceTree = "<group>";
		};
		9AE3D13751DE40A717203B67 /* Views */ = {
			isa = PBXGroup;
			children = (
				6B839ADF3079AA8ACDA0294D /* History */,
				B0F75EF2CC3A82CC62F1F4CA /* Muscles */,
				DD8A351AC2CED2CDF8B337A7 /* Program */,
				6A0ADF2C84212D8D582E5395 /* Progress */,
				CC3CD9EDD32BA177BBA7424F /* Session */,
				D3A7838556648F3407FC49C0 /* Settings */,
				035EFFCE01A44DD60BFA5ED1 /* Today */,
			);
			path = Views;
			sourceTree = "<group>";
		};
		9FB3C778B1465DF47506BDE5 /* FitTrack */ = {
			isa = PBXGroup;
			children = (
				5F80E5C7596B0A9EC35F385E /* ContentView.swift */,
				16C04BA5660B42E6A8FF569D /* Config.swift */,
				4DC92EA64FA76C7A468BA3F9 /* FitTrackApp.swift */,
				125578C49FC616DBEE8F83AF /* Info.plist */,
				387104CC675EEA5789191431 /* Engines */,
				F797FA91D40F8592BAA6597C /* Models */,
				CA17C76151494E73AD6F747E /* Resources */,
				E2A569C5CF320244A94D2D4B /* Services */,
				8F4AD35E69D641C3A2198D16 /* Theme */,
				9AE3D13751DE40A717203B67 /* Views */,
				2FB461482FC863E600412602 /* Assets.xcassets */,
			);
			path = FitTrack;
			sourceTree = "<group>";
		};
		AEA38702B705DAEA72C53EAD /* Products */ = {
			isa = PBXGroup;
			children = (
				053108AC8BBB9B65EBA44741 /* FitTrack.app */,
				432FFE0145EBA7A0B7E69BF7 /* FitTrackTests.xctest */,
			);
			name = Products;
			sourceTree = "<group>";
		};
		B0F75EF2CC3A82CC62F1F4CA /* Muscles */ = {
			isa = PBXGroup;
			children = (
				1395A309E7B41CFAC273C3FC /* MusclesView.swift */,
			);
			path = Muscles;
			sourceTree = "<group>";
		};
		CA17C76151494E73AD6F747E /* Resources */ = {
			isa = PBXGroup;
			children = (
				21F8576557DB4B19B600A04C /* Fonts */,
			);
			path = Resources;
			sourceTree = "<group>";
		};
		CC3CD9EDD32BA177BBA7424F /* Session */ = {
			isa = PBXGroup;
			children = (
				FF9BAB5B2B17ABE79891F807 /* ActiveSessionView.swift */,
				88EE90CB3F4EDABE08B1992C /* SetLogRowView.swift */,
			);
			path = Session;
			sourceTree = "<group>";
		};
		D3A7838556648F3407FC49C0 /* Settings */ = {
			isa = PBXGroup;
			children = (
				D2505A459CC5C6AF2FC20561 /* SettingsView.swift */,
			);
			path = Settings;
			sourceTree = "<group>";
		};
		DD8A351AC2CED2CDF8B337A7 /* Program */ = {
			isa = PBXGroup;
			children = (
				072C50A0B2218EF5A58798B5 /* ProgramBuilderView.swift */,
				F529538776FBD640685F6A03 /* ProgramCompleteView.swift */,
				96CD5D54C31FEE1647D88E05 /* ProgramView.swift */,
				467144DCFC8C9F3D1C8884BD /* WeeklyScheduleGridView.swift */,
				7F9A28D94798C939B53F6DFC /* WorkoutTemplateEditorView.swift */,
			);
			path = Program;
			sourceTree = "<group>";
		};
		E2A569C5CF320244A94D2D4B /* Services */ = {
			isa = PBXGroup;
			children = (
				78BBEAF9028421FC18250367 /* .gitkeep */,
				DE35A7D1DF0E83E0F2106AEE /* WhoopService.swift */,
			);
			path = Services;
			sourceTree = "<group>";
		};
		F797FA91D40F8592BAA6597C /* Models */ = {
			isa = PBXGroup;
			children = (
				4C193CFBF0E935E1AE57B268 /* Enums.swift */,
				3A7B8C9D0E1F2A3B4C5D6E7F /* ExerciseDirectory.swift */,
				22F553DD5640C20BEC154327 /* Goal.swift */,
				532E552656DA8E88D64B421E /* Program.swift */,
				B0B7620D17FAD69A52845619 /* ProgressPhoto.swift */,
				772774B1F9F53A64524EFF30 /* SetLog.swift */,
				2BF0B9A76FF339D334212280 /* TrainingSession.swift */,
				1F3D61DA3805880562E8B155 /* WeighIn.swift */,
				0864779BACC378FF4A91EC56 /* WhoopCycleCache.swift */,
				F37F171E80511BEA1762BB39 /* WorkoutTemplate.swift */,
			);
			path = Models;
			sourceTree = "<group>";
		};
/* End PBXGroup section */

/* Begin PBXNativeTarget section */
		433569BA267C96770B72091E /* FitTrackTests */ = {
			isa = PBXNativeTarget;
			buildConfigurationList = EAD9BC6EEAAFAD4CC0773004 /* Build configuration list for PBXNativeTarget "FitTrackTests" */;
			buildPhases = (
				1F4EE657FFC5032DF385BC33 /* Sources */,
			);
			buildRules = (
			);
			dependencies = (
				1E18517B8FFEE9A7C130E6EC /* PBXTargetDependency */,
			);
			name = FitTrackTests;
			packageProductDependencies = (
			);
			productName = FitTrackTests;
			productReference = 432FFE0145EBA7A0B7E69BF7 /* FitTrackTests.xctest */;
			productType = "com.apple.product-type.bundle.unit-test";
		};
		D255A6C7D5D446F750DA7FED /* FitTrack */ = {
			isa = PBXNativeTarget;
			buildConfigurationList = D3B4A6B7657E5CB7FD38F812 /* Build configuration list for PBXNativeTarget "FitTrack" */;
			buildPhases = (
				8F7C438B00B1459D8266425C /* Resources */,
				522D69FECDF3C6955ABB05AD /* Sources */,
			);
			buildRules = (
			);
			dependencies = (
			);
			name = FitTrack;
			packageProductDependencies = (
			);
			productName = FitTrack;
			productReference = 053108AC8BBB9B65EBA44741 /* FitTrack.app */;
			productType = "com.apple.product-type.application";
		};
/* End PBXNativeTarget section */

/* Begin PBXProject section */
		15D5670798217E89438AFDD1 /* Project object */ = {
			isa = PBXProject;
			attributes = {
				BuildIndependentTargetsInParallel = YES;
				LastUpgradeCheck = 1500;
			};
			buildConfigurationList = 2DE973B4615ED6F7AD148BC7 /* Build configuration list for PBXProject "FitTrack" */;
			developmentRegion = en;
			hasScannedForEncodings = 0;
			knownRegions = (
				Base,
				en,
			);
			mainGroup = 301EE577968C3139AEBF90AF;
			minimizedProjectReferenceProxies = 1;
			preferredProjectObjectVersion = 77;
			productRefGroup = AEA38702B705DAEA72C53EAD /* Products */;
			projectDirPath = "";
			projectRoot = "";
			targets = (
				D255A6C7D5D446F750DA7FED /* FitTrack */,
				433569BA267C96770B72091E /* FitTrackTests */,
			);
		};
/* End PBXProject section */

/* Begin PBXResourcesBuildPhase section */
		8F7C438B00B1459D8266425C /* Resources */ = {
			isa = PBXResourcesBuildPhase;
			buildActionMask = 2147483647;
			files = (
				679FCBBBA94C43809AB95E10 /* Orbitron-Bold.ttf in Resources */,
				D1E7D0EDEC4C4E57B6290314 /* Rajdhani-SemiBold.ttf in Resources */,
				F2C51EF3FA9F4E7AA1F0D274 /* JetBrainsMono-Regular.ttf in Resources */,
				4F0415B9A8B947C88A13F89E /* JetBrainsMono-Bold.ttf in Resources */,
				2FB461492FC863E600412602 /* Assets.xcassets in Resources */,
			);
			runOnlyForDeploymentPostprocessing = 0;
		};
/* End PBXResourcesBuildPhase section */

/* Begin PBXSourcesBuildPhase section */
		1F4EE657FFC5032DF385BC33 /* Sources */ = {
			isa = PBXSourcesBuildPhase;
			buildActionMask = 2147483647;
			files = (
				AA038A735CD73C833DC8A48C /* FatigueEngineTests.swift in Sources */,
				E8137A42911035F3E90E44F2 /* FitTrackTests.swift in Sources */,
				1E9F2B886DF78B42489B1E25 /* ProgressionEngineTests.swift in Sources */,
				2AF2B0E93BA2F086665CA6AE /* WhoopServiceTests.swift in Sources */,
			);
			runOnlyForDeploymentPostprocessing = 0;
		};
		522D69FECDF3C6955ABB05AD /* Sources */ = {
			isa = PBXSourcesBuildPhase;
			buildActionMask = 2147483647;
			files = (
				40E3594A965B5C4F07CD846E /* ActiveSessionView.swift in Sources */,
				803D999C306E4EF8831630F0 /* Config.swift in Sources */,
				E2A9005073CCC0A45AF2A412 /* ContentView.swift in Sources */,
				44375FE3BA5EA314A16669C5 /* Enums.swift in Sources */,
				8C9D0E1F2A3B4C5D6E7F8A9B /* ExerciseDirectory.swift in Sources */,
				4D39F9033A665C7E3618F1C3 /* FatigueEngine.swift in Sources */,
				2866A0315C8F389A005277A2 /* FitTrackApp.swift in Sources */,
				9CA6D69A09D4FCAAE9A17B99 /* Goal.swift in Sources */,
				BB7109350940F7E1F34019F3 /* GoalEditorView.swift in Sources */,
				F4C0AFE8F7A8DD2AE18A299F /* HistoryView.swift in Sources */,
				395B02C1167BD0F1603EF22C /* MusclesView.swift in Sources */,
				B8B238219BC3A301C43C8BC8 /* Program.swift in Sources */,
				9BA36824270D14143603C938 /* ProgramBuilderView.swift in Sources */,
				B9645FD193327889B14748A5 /* ProgramCompleteView.swift in Sources */,
				FCDB049B9A18F61D4B43C7AC /* ProgramView.swift in Sources */,
				204EAD8278DC978DFFE0D94A /* ProgressPhoto.swift in Sources */,
				57E1051AF5DF6DCDA1DEEBC9 /* ProgressPhotoGridView.swift in Sources */,
				0FAF501E57E8ACCCBBF42EFF /* ProgressView_.swift in Sources */,
				1795430E9A3CBAA3C35AF1B7 /* ProgressionEngine.swift in Sources */,
				37842A5AE8CEC9141FC46022 /* RecoveryBadgeView.swift in Sources */,
				FBE546EF14CC6070427BCB3E /* SetLog.swift in Sources */,
				915DE3842F34703EC29F6251 /* SetLogRowView.swift in Sources */,
				510DB56356DAE89BE9329D6B /* SettingsView.swift in Sources */,
				DA55DA4F4C51BCB9DD9794E8 /* TodayView.swift in Sources */,
				A6C7BA2D21AC80AF3916D5CC /* TrainingSession.swift in Sources */,
				1C6EFF36C6BCFA4F9CB148F2 /* WeeklyScheduleGridView.swift in Sources */,
				74097297EC2E955C597E1F84 /* WeighIn.swift in Sources */,
				14EFDAB2E8AC385478BE9464 /* WeighInEntryView.swift in Sources */,
				C7892E638E4FAF34CD75176F /* WhoopCycleCache.swift in Sources */,
				231CF428115D1842272AB952 /* WhoopService.swift in Sources */,
				88472F9EF350462B7CC89221 /* WorkoutTemplate.swift in Sources */,
				F961F4AEE052612C2B99814C /* WorkoutTemplateEditorView.swift in Sources */,
				0D29300440DA4BB690D44F33 /* Theme.swift in Sources */,
				EFE3AFD967D448539CC5D973 /* NeonCard.swift in Sources */,
				96027C7987994919A5388A36 /* CyberButton.swift in Sources */,
				8B8483C1F96047D9BF0FD6E5 /* GlowRing.swift in Sources */,
				5FCCA4A3D36B4D1EB31FD8AF /* StatTile.swift in Sources */,
				79AE219512BA4E97A55AC7DF /* SectionHeader.swift in Sources */,
				2FEBD1F4F0EE4828BB938D38 /* NeonBadge.swift in Sources */,
				4EC66784817F411CB79C5679 /* CyberDivider.swift in Sources */,
			);
			runOnlyForDeploymentPostprocessing = 0;
		};
/* End PBXSourcesBuildPhase section */

/* Begin PBXTargetDependency section */
		1E18517B8FFEE9A7C130E6EC /* PBXTargetDependency */ = {
			isa = PBXTargetDependency;
			target = D255A6C7D5D446F750DA7FED /* FitTrack */;
			targetProxy = A1F1E31CF73E89BE40BD2362 /* PBXContainerItemProxy */;
		};
/* End PBXTargetDependency section */

/* Begin XCBuildConfiguration section */
		34ACA5F35B812A7DA184ABF5 /* Release */ = {
			isa = XCBuildConfiguration;
			buildSettings = {
				ASSETCATALOG_COMPILER_APPICON_NAME = AppIcon;
				CODE_SIGN_IDENTITY = "iPhone Developer";
				DEVELOPMENT_TEAM = 9X38HQTHG2;
				INFOPLIST_FILE = FitTrack/Info.plist;
				IPHONEOS_DEPLOYMENT_TARGET = 17.0;
				LD_RUNPATH_SEARCH_PATHS = (
					"$(inherited)",
					"@executable_path/Frameworks",
				);
				PRODUCT_BUNDLE_IDENTIFIER = com.TristanC.fittrack.app;
				SDKROOT = iphoneos;
				SWIFT_VERSION = 5.9;
				TARGETED_DEVICE_FAMILY = "1,2";
			};
			name = Release;
		};
		7B5F819EAB30A48B1D7E1B65 /* Debug */ = {
			isa = XCBuildConfiguration;
			buildSettings = {
				BUNDLE_LOADER = "$(TEST_HOST)";
				GENERATE_INFOPLIST_FILE = YES;
				IPHONEOS_DEPLOYMENT_TARGET = 17.0;
				LD_RUNPATH_SEARCH_PATHS = (
					"$(inherited)",
					"@executable_path/Frameworks",
					"@loader_path/Frameworks",
				);
				PRODUCT_BUNDLE_IDENTIFIER = com.fittrack.tests;
				SDKROOT = iphoneos;
				SWIFT_VERSION = 5.9;
				TARGETED_DEVICE_FAMILY = "1,2";
				TEST_HOST = "$(BUILT_PRODUCTS_DIR)/FitTrack.app/FitTrack";
			};
			name = Debug;
		};
		C3C7D85B3B9A0EBDFA76DB0B /* Debug */ = {
			isa = XCBuildConfiguration;
			buildSettings = {
				ALWAYS_SEARCH_USER_PATHS = NO;
				CLANG_ANALYZER_NONNULL = YES;
				CLANG_ANALYZER_NUMBER_OBJECT_CONVERSION = YES_AGGRESSIVE;
				CLANG_CXX_LANGUAGE_STANDARD = "gnu++14";
				CLANG_CXX_LIBRARY = "libc++";
				CLANG_ENABLE_MODULES = YES;
				CLANG_ENABLE_OBJC_ARC = YES;
				CLANG_ENABLE_OBJC_WEAK = YES;
				CLANG_WARN_BLOCK_CAPTURE_AUTORELEASING = YES;
				CLANG_WARN_BOOL_CONVERSION = YES;
				CLANG_WARN_COMMA = YES;
				CLANG_WARN_CONSTANT_CONVERSION = YES;
				CLANG_WARN_DEPRECATED_OBJC_IMPLEMENTATIONS = YES;
				CLANG_WARN_DIRECT_OBJC_ISA_USAGE = YES_ERROR;
				CLANG_WARN_DOCUMENTATION_COMMENTS = YES;
				CLANG_WARN_EMPTY_BODY = YES;
				CLANG_WARN_ENUM_CONVERSION = YES;
				CLANG_WARN_INFINITE_RECURSION = YES;
				CLANG_WARN_INT_CONVERSION = YES;
				CLANG_WARN_NON_LITERAL_NULL_CONVERSION = YES;
				CLANG_WARN_OBJC_IMPLICIT_RETAIN_SELF = YES;
				CLANG_WARN_OBJC_LITERAL_CONVERSION = YES;
				CLANG_WARN_OBJC_ROOT_CLASS = YES_ERROR;
				CLANG_WARN_QUOTED_INCLUDE_IN_FRAMEWORK_HEADER = YES;
				CLANG_WARN_RANGE_LOOP_ANALYSIS = YES;
				CLANG_WARN_STRICT_PROTOTYPES = YES;
				CLANG_WARN_SUSPICIOUS_MOVE = YES;
				CLANG_WARN_UNGUARDED_AVAILABILITY = YES_AGGRESSIVE;
				CLANG_WARN_UNREACHABLE_CODE = YES;
				CLANG_WARN__DUPLICATE_METHOD_MATCH = YES;
				COPY_PHASE_STRIP = NO;
				DEBUG_INFORMATION_FORMAT = dwarf;
				ENABLE_STRICT_OBJC_MSGSEND = YES;
				ENABLE_TESTABILITY = YES;
				GCC_C_LANGUAGE_STANDARD = gnu11;
				GCC_DYNAMIC_NO_PIC = NO;
				GCC_NO_COMMON_BLOCKS = YES;
				GCC_OPTIMIZATION_LEVEL = 0;
				GCC_PREPROCESSOR_DEFINITIONS = (
					"$(inherited)",
					"DEBUG=1",
				);
				GCC_WARN_64_TO_32_BIT_CONVERSION = YES;
				GCC_WARN_ABOUT_RETURN_TYPE = YES_ERROR;
				GCC_WARN_UNDECLARED_SELECTOR = YES;
				GCC_WARN_UNINITIALIZED_AUTOS = YES_AGGRESSIVE;
				GCC_WARN_UNUSED_FUNCTION = YES;
				GCC_WARN_UNUSED_VARIABLE = YES;
				IPHONEOS_DEPLOYMENT_TARGET = 17.0;
				MTL_ENABLE_DEBUG_INFO = INCLUDE_SOURCE;
				MTL_FAST_MATH = YES;
				ONLY_ACTIVE_ARCH = YES;
				PRODUCT_NAME = "$(TARGET_NAME)";
				SDKROOT = iphoneos;
				SWIFT_ACTIVE_COMPILATION_CONDITIONS = DEBUG;
				SWIFT_OPTIMIZATION_LEVEL = "-Onone";
				SWIFT_VERSION = 5.0;
			};
			name = Debug;
		};
		C61039398119BC5109C7E733 /* Release */ = {
			isa = XCBuildConfiguration;
			buildSettings = {
				ALWAYS_SEARCH_USER_PATHS = NO;
				CLANG_ANALYZER_NONNULL = YES;
				CLANG_ANALYZER_NUMBER_OBJECT_CONVERSION = YES_AGGRESSIVE;
				CLANG_CXX_LANGUAGE_STANDARD = "gnu++14";
				CLANG_CXX_LIBRARY = "libc++";
				CLANG_ENABLE_MODULES = YES;
				CLANG_ENABLE_OBJC_ARC = YES;
				CLANG_ENABLE_OBJC_WEAK = YES;
				CLANG_WARN_BLOCK_CAPTURE_AUTORELEASING = YES;
				CLANG_WARN_BOOL_CONVERSION = YES;
				CLANG_WARN_COMMA = YES;
				CLANG_WARN_CONSTANT_CONVERSION = YES;
				CLANG_WARN_DEPRECATED_OBJC_IMPLEMENTATIONS = YES;
				CLANG_WARN_DIRECT_OBJC_ISA_USAGE = YES_ERROR;
				CLANG_WARN_DOCUMENTATION_COMMENTS = YES;
				CLANG_WARN_EMPTY_BODY = YES;
				CLANG_WARN_ENUM_CONVERSION = YES;
				CLANG_WARN_INFINITE_RECURSION = YES;
				CLANG_WARN_INT_CONVERSION = YES;
				CLANG_WARN_NON_LITERAL_NULL_CONVERSION = YES;
				CLANG_WARN_OBJC_IMPLICIT_RETAIN_SELF = YES;
				CLANG_WARN_OBJC_LITERAL_CONVERSION = YES;
				CLANG_WARN_OBJC_ROOT_CLASS = YES_ERROR;
				CLANG_WARN_QUOTED_INCLUDE_IN_FRAMEWORK_HEADER = YES;
				CLANG_WARN_RANGE_LOOP_ANALYSIS = YES;
				CLANG_WARN_STRICT_PROTOTYPES = YES;
				CLANG_WARN_SUSPICIOUS_MOVE = YES;
				CLANG_WARN_UNGUARDED_AVAILABILITY = YES_AGGRESSIVE;
				CLANG_WARN_UNREACHABLE_CODE = YES;
				CLANG_WARN__DUPLICATE_METHOD_MATCH = YES;
				COPY_PHASE_STRIP = NO;
				DEBUG_INFORMATION_FORMAT = "dwarf-with-dsym";
				ENABLE_NS_ASSERTIONS = NO;
				ENABLE_STRICT_OBJC_MSGSEND = YES;
				GCC_C_LANGUAGE_STANDARD = gnu11;
				GCC_NO_COMMON_BLOCKS = YES;
				GCC_WARN_64_TO_32_BIT_CONVERSION = YES;
				GCC_WARN_ABOUT_RETURN_TYPE = YES_ERROR;
				GCC_WARN_UNDECLARED_SELECTOR = YES;
				GCC_WARN_UNINITIALIZED_AUTOS = YES_AGGRESSIVE;
				GCC_WARN_UNUSED_FUNCTION = YES;
				GCC_WARN_UNUSED_VARIABLE = YES;
				IPHONEOS_DEPLOYMENT_TARGET = 17.0;
				MTL_ENABLE_DEBUG_INFO = NO;
				MTL_FAST_MATH = YES;
				PRODUCT_NAME = "$(TARGET_NAME)";
				SDKROOT = iphoneos;
				SWIFT_COMPILATION_MODE = wholemodule;
				SWIFT_OPTIMIZATION_LEVEL = "-O";
				SWIFT_VERSION = 5.0;
			};
			name = Release;
		};
		D02ECFC382A3344B822F06CB /* Release */ = {
			isa = XCBuildConfiguration;
			buildSettings = {
				BUNDLE_LOADER = "$(TEST_HOST)";
				GENERATE_INFOPLIST_FILE = YES;
				IPHONEOS_DEPLOYMENT_TARGET = 17.0;
				LD_RUNPATH_SEARCH_PATHS = (
					"$(inherited)",
					"@executable_path/Frameworks",
					"@loader_path/Frameworks",
				);
				PRODUCT_BUNDLE_IDENTIFIER = com.fittrack.tests;
				SDKROOT = iphoneos;
				SWIFT_VERSION = 5.9;
				TARGETED_DEVICE_FAMILY = "1,2";
				TEST_HOST = "$(BUILT_PRODUCTS_DIR)/FitTrack.app/FitTrack";
			};
			name = Release;
		};
		E5967CF56F8F3C8078B379C1 /* Debug */ = {
			isa = XCBuildConfiguration;
			buildSettings = {
				ASSETCATALOG_COMPILER_APPICON_NAME = AppIcon;
				CODE_SIGN_IDENTITY = "iPhone Developer";
				DEVELOPMENT_TEAM = 9X38HQTHG2;
				INFOPLIST_FILE = FitTrack/Info.plist;
				IPHONEOS_DEPLOYMENT_TARGET = 17.0;
				LD_RUNPATH_SEARCH_PATHS = (
					"$(inherited)",
					"@executable_path/Frameworks",
				);
				PRODUCT_BUNDLE_IDENTIFIER = com.TristanC.fittrack.app;
				SDKROOT = iphoneos;
				SWIFT_VERSION = 5.9;
				TARGETED_DEVICE_FAMILY = "1,2";
			};
			name = Debug;
		};
/* End XCBuildConfiguration section */

/* Begin XCConfigurationList section */
		2DE973B4615ED6F7AD148BC7 /* Build configuration list for PBXProject "FitTrack" */ = {
			isa = XCConfigurationList;
			buildConfigurations = (
				C3C7D85B3B9A0EBDFA76DB0B /* Debug */,
				C61039398119BC5109C7E733 /* Release */,
			);
			defaultConfigurationIsVisible = 0;
			defaultConfigurationName = Debug;
		};
		D3B4A6B7657E5CB7FD38F812 /* Build configuration list for PBXNativeTarget "FitTrack" */ = {
			isa = XCConfigurationList;
			buildConfigurations = (
				E5967CF56F8F3C8078B379C1 /* Debug */,
				34ACA5F35B812A7DA184ABF5 /* Release */,
			);
			defaultConfigurationIsVisible = 0;
			defaultConfigurationName = Debug;
		};
		EAD9BC6EEAAFAD4CC0773004 /* Build configuration list for PBXNativeTarget "FitTrackTests" */ = {
			isa = XCConfigurationList;
			buildConfigurations = (
				7B5F819EAB30A48B1D7E1B65 /* Debug */,
				D02ECFC382A3344B822F06CB /* Release */,
			);
			defaultConfigurationIsVisible = 0;
			defaultConfigurationName = Debug;
		};
/* End XCConfigurationList section */
	};
	rootObject = 15D5670798217E89438AFDD1 /* Project object */;
}
